{"filter":false,"title":"Gemfile.lock","tooltip":"/Gemfile.lock","undoManager":{"mark":1,"position":1,"stack":[[{"start":{"row":68,"column":4},"end":{"row":68,"column":32},"action":"remove","lines":["font-awesome-rails (4.7.0.5)"],"id":2},{"start":{"row":68,"column":2},"end":{"row":68,"column":4},"action":"remove","lines":["  "]},{"start":{"row":68,"column":0},"end":{"row":68,"column":2},"action":"remove","lines":["  "]},{"start":{"row":67,"column":16},"end":{"row":68,"column":0},"action":"remove","lines":["",""]}],[{"start":{"row":186,"column":1},"end":{"row":186,"column":20},"action":"remove","lines":[" font-awesome-rails"],"id":3},{"start":{"row":186,"column":0},"end":{"row":186,"column":1},"action":"remove","lines":[" "]},{"start":{"row":185,"column":8},"end":{"row":186,"column":0},"action":"remove","lines":["",""]}]]},"ace":{"folds":[],"scrolltop":2444.5,"scrollleft":0,"selection":{"start":{"row":185,"column":8},"end":{"row":185,"column":8},"isBackwards":false},"options":{"guessTabSize":true,"useWrapMode":false,"wrapToView":true},"firstLineState":{"row":173,"state":"start","mode":"ace/mode/text"}},"timestamp":1580503394048,"hash":"3b3c70ff76e722f2542c38e035cbf598ca01bd9d"}