{"filter":false,"title":"Gemfile.lock","tooltip":"/Gemfile.lock","ace":{"folds":[],"scrolltop":2599.25,"scrollleft":0,"selection":{"start":{"row":196,"column":34},"end":{"row":197,"column":9},"isBackwards":false},"options":{"guessTabSize":true,"useWrapMode":false,"wrapToView":true},"firstLineState":0},"undoManager":{"mark":-1,"position":-1,"stack":[[{"start":{"row":197,"column":0},"end":{"row":197,"column":9},"action":"remove","lines":["  sqlite3"],"id":18},{"start":{"row":196,"column":34},"end":{"row":197,"column":0},"action":"remove","lines":["",""]}]]},"timestamp":1579877101656,"hash":"7eb83c789e6112a2f5d5accd69dcab275726b59e"}